{
  "name": "Mern-Stack-Job-Portal-Prodigy-main",
  "lockfileVersion": 3,
  "requires": true,
  "packages": {
    "": {
      "dependencies": {
        "@clerk/clerk-react": "^5.28.2",
        "dotenv": "^16.5.0",
        "motion": "^12.4.1"
      }
    },
    "node_modules/@clerk/clerk-react": {
      "version": "5.28.2",
      "resolved": "https://registry.npmjs.org/@clerk/clerk-react/-/clerk-react-5.28.2.tgz",
      "integrity": "sha512-snoA4Q7bkfjzAuZeGm/5cQNX9vAqI5EXiaN3HE18pHSvmhLTmtgvKgeJt+lT+yWQisOWswwp8XlHOToEeIS6dA==",
      "dependencies": {
        "@clerk/shared": "^3.7.2",
        "@clerk/types": "^4.54.2",
        "tslib": "2.8.1"
      },
      "engines": {
        "node": ">=18.17.0"
      },
      "peerDependencies": {
        "react": "^18.0.0 || ^19.0.0 || ^19.0.0-0",
        "react-dom": "^18.0.0 || ^19.0.0 || ^19.0.0-0"
      }
    },
    "node_modules/@clerk/shared": {
      "version": "3.7.2",
      "resolved": "https://registry.npmjs.org/@clerk/shared/-/shared-3.7.2.tgz",
      "integrity": "sha512-gx0qSf1M0QPwoieTytMKZmV6rNfv/849bHpO+hXB3TbuLaZ8DTIG95pIa37C4LBHGgFO1qcyRydwoyAC5skrnQ==",
      "hasInstallScript": true,
      "dependencies": {
        "@clerk/types": "^4.54.2",
        "dequal": "2.0.3",
        "glob-to-regexp": "0.4.1",
        "js-cookie": "3.0.5",
        "std-env": "^3.8.1",
        "swr": "^2.3.3"
      },
      "engines": {
        "node": ">=18.17.0"
      },
      "peerDependencies": {
        "react": "^18.0.0 || ^19.0.0 || ^19.0.0-0",
        "react-dom": "^18.0.0 || ^19.0.0 || ^19.0.0-0"
      },
      "peerDependenciesMeta": {
        "react": {
          "optional": true
        },
        "react-dom": {
          "optional": true
        }
      }
    },
    "node_modules/@clerk/types": {
      "version": "4.54.2",
      "resolved": "https://registry.npmjs.org/@clerk/types/-/types-4.54.2.tgz",
      "integrity": "sha512-9z2odfkK58b8aa9GM6G5CmDefXKoGE8UG8f9cDp//Z4qYMqq2/uPHzDFYawJMu1Da2sUwgNeXEFqoaatXaBoXA==",
      "dependencies": {
        "csstype": "3.1.3"
      },
      "engines": {
        "node": ">=18.17.0"
      }
    },
    "node_modules/csstype": {
      "version": "3.1.3",
      "resolved": "https://registry.npmjs.org/csstype/-/csstype-3.1.3.tgz",
      "integrity": "sha512-M1uQkMl8rQK/szD0LNhtqxIPLpimGm8sOBwU7lLnCpSbTyY3yeU1Vc7l4KT5zT4s/yOxHH5O7tIuuLOCnLADRw=="
    },
    "node_modules/dequal": {
      "version": "2.0.3",
      "resolved": "https://registry.npmjs.org/dequal/-/dequal-2.0.3.tgz",
      "integrity": "sha512-0je+qPKHEMohvfRTCEo3CrPG6cAzAYgmzKyxRiYSSDkS6eGJdyVJm7WaYA5ECaAD9wLB2T4EEeymA5aFVcYXCA==",
      "engines": {
        "node": ">=6"
      }
    },
    "node_modules/dotenv": {
      "version": "16.5.0",
      "resolved": "https://registry.npmjs.org/dotenv/-/dotenv-16.5.0.tgz",
      "integrity": "sha512-m/C+AwOAr9/W1UOIZUo232ejMNnJAJtYQjUbHoNTBNTJSvqzzDh7vnrei3o3r3m9blf6ZoDkvcw0VmozNRFJxg==",
      "engines": {
        "node": ">=12"
      },
      "funding": {
        "url": "https://dotenvx.com"
      }
    },
    "node_modules/framer-motion": {
      "version": "12.4.1",
      "resolved": "https://registry.npmjs.org/framer-motion/-/framer-motion-12.4.1.tgz",
      "integrity": "sha512-5Ijbea3topSZjadQ0hgc/TcWj2ldMZmNREM7RvAhvsThYOA1HHOA8TT1yKvMu1YXP3jWaFwoZ6Vo9Nw+DUZrzA==",
      "license": "MIT",
      "dependencies": {
        "motion-dom": "^12.0.0",
        "motion-utils": "^12.0.0",
        "tslib": "^2.4.0"
      },
      "peerDependencies": {
        "@emotion/is-prop-valid": "*",
        "react": "^18.0.0 || ^19.0.0",
        "react-dom": "^18.0.0 || ^19.0.0"
      },
      "peerDependenciesMeta": {
        "@emotion/is-prop-valid": {
          "optional": true
        },
        "react": {
          "optional": true
        },
        "react-dom": {
          "optional": true
        }
      }
    },
    "node_modules/glob-to-regexp": {
      "version": "0.4.1",
      "resolved": "https://registry.npmjs.org/glob-to-regexp/-/glob-to-regexp-0.4.1.tgz",
      "integrity": "sha512-lkX1HJXwyMcprw/5YUZc2s7DrpAiHB21/V+E1rHUrVNokkvB6bqMzT0VfV6/86ZNabt1k14YOIaT7nDvOX3Iiw=="
    },
    "node_modules/js-cookie": {
      "version": "3.0.5",
      "resolved": "https://registry.npmjs.org/js-cookie/-/js-cookie-3.0.5.tgz",
      "integrity": "sha512-cEiJEAEoIbWfCZYKWhVwFuvPX1gETRYPw6LlaTKoxD3s2AkXzkCjnp6h0V77ozyqj0jakteJ4YqDJT830+lVGw==",
      "engines": {
        "node": ">=14"
      }
    },
    "node_modules/motion": {
      "version": "12.4.1",
      "resolved": "https://registry.npmjs.org/motion/-/motion-12.4.1.tgz",
      "integrity": "sha512-TBnf5NyZVZFOHOc87fyC6qTSU+6LUe09LwxA1Sna35YL7qgOv1EZv96mu6o7uQ2Rl1GvTSQLeyfrQAEG+zlh+w==",
      "license": "MIT",
      "dependencies": {
        "framer-motion": "^12.4.1",
        "tslib": "^2.4.0"
      },
      "peerDependencies": {
        "@emotion/is-prop-valid": "*",
        "react": "^18.0.0 || ^19.0.0",
        "react-dom": "^18.0.0 || ^19.0.0"
      },
      "peerDependenciesMeta": {
        "@emotion/is-prop-valid": {
          "optional": true
        },
        "react": {
          "optional": true
        },
        "react-dom": {
          "optional": true
        }
      }
    },
    "node_modules/motion-dom": {
      "version": "12.0.0",
      "resolved": "https://registry.npmjs.org/motion-dom/-/motion-dom-12.0.0.tgz",
      "integrity": "sha512-CvYd15OeIR6kHgMdonCc1ihsaUG4MYh/wrkz8gZ3hBX/uamyZCXN9S9qJoYF03GqfTt7thTV/dxnHYX4+55vDg==",
      "license": "MIT",
      "dependencies": {
        "motion-utils": "^12.0.0"
      }
    },
    "node_modules/motion-utils": {
      "version": "12.0.0",
      "resolved": "https://registry.npmjs.org/motion-utils/-/motion-utils-12.0.0.tgz",
      "integrity": "sha512-MNFiBKbbqnmvOjkPyOKgHUp3Q6oiokLkI1bEwm5QA28cxMZrv0CbbBGDNmhF6DIXsi1pCQBSs0dX8xjeER1tmA==",
      "license": "MIT"
    },
    "node_modules/react": {
      "version": "19.1.0",
      "resolved": "https://registry.npmjs.org/react/-/react-19.1.0.tgz",
      "integrity": "sha512-FS+XFBNvn3GTAWq26joslQgWNoFu08F4kl0J4CgdNKADkdSGXQyTCnKteIAJy96Br6YbpEU1LSzV5dYtjMkMDg==",
      "peer": true,
      "engines": {
        "node": ">=0.10.0"
      }
    },
    "node_modules/react-dom": {
      "version": "19.1.0",
      "resolved": "https://registry.npmjs.org/react-dom/-/react-dom-19.1.0.tgz",
      "integrity": "sha512-Xs1hdnE+DyKgeHJeJznQmYMIBG3TKIHJJT95Q58nHLSrElKlGQqDTR2HQ9fx5CN/Gk6Vh/kupBTDLU11/nDk/g==",
      "peer": true,
      "dependencies": {
        "scheduler": "^0.26.0"
      },
      "peerDependencies": {
        "react": "^19.1.0"
      }
    },
    "node_modules/scheduler": {
      "version": "0.26.0",
      "resolved": "https://registry.npmjs.org/scheduler/-/scheduler-0.26.0.tgz",
      "integrity": "sha512-NlHwttCI/l5gCPR3D1nNXtWABUmBwvZpEQiD4IXSbIDq8BzLIK/7Ir5gTFSGZDUu37K5cMNp0hFtzO38sC7gWA==",
      "peer": true
    },
    "node_modules/std-env": {
      "version": "3.9.0",
      "resolved": "https://registry.npmjs.org/std-env/-/std-env-3.9.0.tgz",
      "integrity": "sha512-UGvjygr6F6tpH7o2qyqR6QYpwraIjKSdtzyBdyytFOHmPZY917kwdwLG0RbOjWOnKmnm3PeHjaoLLMie7kPLQw=="
    },
    "node_modules/swr": {
      "version": "2.3.3",
      "resolved": "https://registry.npmjs.org/swr/-/swr-2.3.3.tgz",
      "integrity": "sha512-dshNvs3ExOqtZ6kJBaAsabhPdHyeY4P2cKwRCniDVifBMoG/SVI7tfLWqPXriVspf2Rg4tPzXJTnwaihIeFw2A==",
      "dependencies": {
        "dequal": "^2.0.3",
        "use-sync-external-store": "^1.4.0"
      },
      "peerDependencies": {
        "react": "^16.11.0 || ^17.0.0 || ^18.0.0 || ^19.0.0"
      }
    },
    "node_modules/tslib": {
      "version": "2.8.1",
      "resolved": "https://registry.npmjs.org/tslib/-/tslib-2.8.1.tgz",
      "integrity": "sha512-oJFu94HQb+KVduSUQL7wnpmqnfmLsOA/nAh6b6EH0wCEoK0/mPeXU6c3wKDV83MkOuHPRHtSXKKU99IBazS/2w==",
      "license": "0BSD"
    },
    "node_modules/use-sync-external-store": {
      "version": "1.5.0",
      "resolved": "https://registry.npmjs.org/use-sync-external-store/-/use-sync-external-store-1.5.0.tgz",
      "integrity": "sha512-Rb46I4cGGVBmjamjphe8L/UnvJD+uPPtTkNvX5mZgqdbavhI4EbgIWJiIHXJ8bc/i9EQGPRh4DwEURJ552Do0A==",
      "peerDependencies": {
        "react": "^16.8.0 || ^17.0.0 || ^18.0.0 || ^19.0.0"
      }
    }
  }
}
